
Microsoft Visual Studio Solution File, Format Version 12.00
# Visual Studio Version 16
VisualStudioVersion = 16.0.31702.278
MinimumVisualStudioVersion = 10.0.40219.1
Project("{FAE04EC0-301F-11D3-BF4B-00C04F79EFBC}") = "PokémonProject.UI", "PokémonProject.UI\PokémonProject.UI.csproj", "{00B16A8F-1899-4AAD-8157-4BB23EA4F6C8}"
EndProject
Project("{FAE04EC0-301F-11D3-BF4B-00C04F79EFBC}") = "PokémonProject.Data", "PokémonProject.Data\PokémonProject.Data.csproj", "{6E92F03C-033E-49B3-83D9-12CE1BB108BF}"
EndProject
Project("{FAE04EC0-301F-11D3-BF4B-00C04F79EFBC}") = "PokémonProject.API", "PokémonProject.API\PokémonProject.API.csproj", "{074CF86D-A4F8-43E8-85F7-E4F689FEBE98}"
EndProject
Global
	GlobalSection(SolutionConfigurationPlatforms) = preSolution
		Debug|Any CPU = Debug|Any CPU
		Release|Any CPU = Release|Any CPU
	EndGlobalSection
	GlobalSection(ProjectConfigurationPlatforms) = postSolution
		{00B16A8F-1899-4AAD-8157-4BB23EA4F6C8}.Debug|Any CPU.ActiveCfg = Debug|Any CPU
		{00B16A8F-1899-4AAD-8157-4BB23EA4F6C8}.Debug|Any CPU.Build.0 = Debug|Any CPU
		{00B16A8F-1899-4AAD-8157-4BB23EA4F6C8}.Release|Any CPU.ActiveCfg = Release|Any CPU
		{00B16A8F-1899-4AAD-8157-4BB23EA4F6C8}.Release|Any CPU.Build.0 = Release|Any CPU
		{6E92F03C-033E-49B3-83D9-12CE1BB108BF}.Debug|Any CPU.ActiveCfg = Debug|Any CPU
		{6E92F03C-033E-49B3-83D9-12CE1BB108BF}.Debug|Any CPU.Build.0 = Debug|Any CPU
		{6E92F03C-033E-49B3-83D9-12CE1BB108BF}.Release|Any CPU.ActiveCfg = Release|Any CPU
		{6E92F03C-033E-49B3-83D9-12CE1BB108BF}.Release|Any CPU.Build.0 = Release|Any CPU
		{074CF86D-A4F8-43E8-85F7-E4F689FEBE98}.Debug|Any CPU.ActiveCfg = Debug|Any CPU
		{074CF86D-A4F8-43E8-85F7-E4F689FEBE98}.Debug|Any CPU.Build.0 = Debug|Any CPU
		{074CF86D-A4F8-43E8-85F7-E4F689FEBE98}.Release|Any CPU.ActiveCfg = Release|Any CPU
		{074CF86D-A4F8-43E8-85F7-E4F689FEBE98}.Release|Any CPU.Build.0 = Release|Any CPU
	EndGlobalSection
	GlobalSection(SolutionProperties) = preSolution
		HideSolutionNode = FALSE
	EndGlobalSection
	GlobalSection(ExtensibilityGlobals) = postSolution
		SolutionGuid = {A1FE6699-8B99-46AE-A903-129462FC5B9E}
	EndGlobalSection
EndGlobal
